<?xml version="1.0" encoding="utf-8"?>
<Project ToolsVersion="4.0" xmlns="http://schemas.microsoft.com/developer/msbuild/2003">
  <ItemGroup>
    <Filter Include="Source Files">
      <UniqueIdentifier>{4FC737F1-C7A5-4376-A066-2A32D752A2FF}</UniqueIdentifier>
      <Extensions>cpp;c;cc;cxx;c++;cppm;ixx;def;odl;idl;hpj;bat;asm;asmx</Extensions>
    </Filter>
    <Filter Include="Header Files">
      <UniqueIdentifier>{93995380-89BD-4b04-88EB-625FBE52EBFB}</UniqueIdentifier>
      <Extensions>h;hh;hpp;hxx;h++;hm;inl;inc;ipp;xsd</Extensions>
    </Filter>
    <Filter Include="Resource Files">
      <UniqueIdentifier>{67DA6AB6-F800-4c08-8B7A-83BB121AAD01}</UniqueIdentifier>
      <Extensions>rc;ico;cur;bmp;dlg;rc2;rct;bin;rgs;gif;jpg;jpeg;jpe;resx;tiff;tif;png;wav;mfcribbon-ms</Extensions>
    </Filter>
  </ItemGroup>
  <ItemGroup>
    <ClCompile Include="Src\JLib\Arena.cpp">
      <Filter>Source Files</Filter>
    </ClCompile>
    <ClCompile Include="Src\pch.cpp">
      <Filter>Source Files</Filter>
    </ClCompile>
    <ClCompile Include="Src\Vk\VkInit.cpp">
      <Filter>Source Files</Filter>
    </ClCompile>
    <ClCompile Include="Src\Vk\VkFreeArena.cpp">
      <Filter>Source Files</Filter>
    </ClCompile>
    <ClCompile Include="Src\Vk\VkSwapChain.cpp">
      <Filter>Source Files</Filter>
    </ClCompile>
    <ClCompile Include="Src\VkHL\VkGLFWApp.cpp">
      <Filter>Source Files</Filter>
    </ClCompile>
    <ClCompile Include="Src\Vk\VkImage.cpp">
      <Filter>Source Files</Filter>
    </ClCompile>
    <ClCompile Include="Src\Vk\VkLayout.cpp">
      <Filter>Source Files</Filter>
    </ClCompile>
    <ClCompile Include="Src\Vk\VkPipeline.cpp">
      <Filter>Source Files</Filter>
    </ClCompile>
    <ClCompile Include="Src\Vk\VkShader.cpp">
      <Filter>Source Files</Filter>
    </ClCompile>
    <ClCompile Include="Src\VkHL\VkTexture.cpp">
      <Filter>Source Files</Filter>
    </ClCompile>
    <ClCompile Include="Src\JLib\PackingFFDH.cpp">
      <Filter>Source Files</Filter>
    </ClCompile>
    <ClCompile Include="Src\JLib\FileLoader.cpp">
      <Filter>Source Files</Filter>
    </ClCompile>
    <ClCompile Include="Src\VkHL\VkVertex.cpp">
      <Filter>Source Files</Filter>
    </ClCompile>
    <ClCompile Include="Src\VkHL\VkMesh.cpp">
      <Filter>Source Files</Filter>
    </ClCompile>
    <ClCompile Include="Src\VkHL\VkShapes.cpp">
      <Filter>Source Files</Filter>
    </ClCompile>
    <ClCompile Include="Src\GE\GraphicsEngine.cpp">
      <Filter>Source Files</Filter>
    </ClCompile>
    <ClCompile Include="Src\RenderGraph\RenderGraph.cpp">
      <Filter>Source Files</Filter>
    </ClCompile>
    <ClCompile Include="Src\GE\GETest.cpp">
      <Filter>Source Files</Filter>
    </ClCompile>
  </ItemGroup>
  <ItemGroup>
    <ClInclude Include="Include\JLib\Arena.h">
      <Filter>Header Files</Filter>
    </ClInclude>
    <ClInclude Include="Include\pch.h">
      <Filter>Header Files</Filter>
    </ClInclude>
    <ClInclude Include="Include\JLib\Math.h">
      <Filter>Header Files</Filter>
    </ClInclude>
    <ClInclude Include="Include\JLib\Array.h">
      <Filter>Header Files</Filter>
    </ClInclude>
    <ClInclude Include="Include\JLib\Iterator.h">
      <Filter>Header Files</Filter>
    </ClInclude>
    <ClInclude Include="Include\JLib\ArrayUtils.h">
      <Filter>Header Files</Filter>
    </ClInclude>
    <ClInclude Include="Include\JLib\Vector.h">
      <Filter>Header Files</Filter>
    </ClInclude>
    <ClInclude Include="Include\JLib\VectorUtils.h">
      <Filter>Header Files</Filter>
    </ClInclude>
    <ClInclude Include="Include\JLib\Queue.h">
      <Filter>Header Files</Filter>
    </ClInclude>
    <ClInclude Include="Include\JLib\QueueUtils.h">
      <Filter>Header Files</Filter>
    </ClInclude>
    <ClInclude Include="Include\JLib\Map.h">
      <Filter>Header Files</Filter>
    </ClInclude>
    <ClInclude Include="Include\JLib\KeyPair.h">
      <Filter>Header Files</Filter>
    </ClInclude>
    <ClInclude Include="Include\JLib\MapUtils.h">
      <Filter>Header Files</Filter>
    </ClInclude>
    <ClInclude Include="Include\JLib\LinkedList.h">
      <Filter>Header Files</Filter>
    </ClInclude>
    <ClInclude Include="Include\JLib\LinkedListUtils.h">
      <Filter>Header Files</Filter>
    </ClInclude>
    <ClInclude Include="Include\Vk\VkInit.h">
      <Filter>Header Files</Filter>
    </ClInclude>
    <ClInclude Include="Include\Vk\VkApp.h">
      <Filter>Header Files</Filter>
    </ClInclude>
    <ClInclude Include="Include\JLib\Heap.h">
      <Filter>Header Files</Filter>
    </ClInclude>
    <ClInclude Include="Include\JLib\HeapUtils.h">
      <Filter>Header Files</Filter>
    </ClInclude>
    <ClInclude Include="Include\Vk\VkFreeArena.h">
      <Filter>Header Files</Filter>
    </ClInclude>
    <ClInclude Include="Include\Vk\VkSwapChain.h">
      <Filter>Header Files</Filter>
    </ClInclude>
    <ClInclude Include="Include\VkHL\VkGLFWApp.h">
      <Filter>Header Files</Filter>
    </ClInclude>
    <ClInclude Include="Include\Vk\VkImage.h">
      <Filter>Header Files</Filter>
    </ClInclude>
    <ClInclude Include="Include\Vk\VkMemory.h">
      <Filter>Header Files</Filter>
    </ClInclude>
    <ClInclude Include="Include\Vk\VkLayout.h">
      <Filter>Header Files</Filter>
    </ClInclude>
    <ClInclude Include="Include\Vk\VkPipeline.h">
      <Filter>Header Files</Filter>
    </ClInclude>
    <ClInclude Include="Include\Vk\VkShader.h">
      <Filter>Header Files</Filter>
    </ClInclude>
    <ClInclude Include="Include\VkHL\VkTexture.h">
      <Filter>Header Files</Filter>
    </ClInclude>
    <ClInclude Include="Include\VkHL\VkSubTexture.h">
      <Filter>Header Files</Filter>
    </ClInclude>
    <ClInclude Include="Include\JLib\PackingFFDH.h">
      <Filter>Header Files</Filter>
    </ClInclude>
    <ClInclude Include="Include\JLib\LinearSort.h">
      <Filter>Header Files</Filter>
    </ClInclude>
    <ClInclude Include="Include\JLib\FileLoader.h">
      <Filter>Header Files</Filter>
    </ClInclude>
    <ClInclude Include="Include\VkHL\VkVertex.h">
      <Filter>Header Files</Filter>
    </ClInclude>
    <ClInclude Include="Include\VkHL\VkMesh.h">
      <Filter>Header Files</Filter>
    </ClInclude>
    <ClInclude Include="Include\VkHL\VkBuffer.h">
      <Filter>Header Files</Filter>
    </ClInclude>
    <ClInclude Include="Include\VkHL\VkShapes.h">
      <Filter>Header Files</Filter>
    </ClInclude>
    <ClInclude Include="Include\GE\GraphicsEngine.h">
      <Filter>Header Files</Filter>
    </ClInclude>
    <ClInclude Include="Include\RenderGraph\RenderGraph.h">
      <Filter>Header Files</Filter>
    </ClInclude>
    <ClInclude Include="Include\GE\GETest.h">
      <Filter>Header Files</Filter>
    </ClInclude>
  </ItemGroup>
</Project>