<?xml version="1.0" encoding="utf-8"?>
<Project ToolsVersion="4.0" xmlns="http://schemas.microsoft.com/developer/msbuild/2003">
  <ItemGroup>
    <Filter Include="Source Files">
      <UniqueIdentifier>{4FC737F1-C7A5-4376-A066-2A32D752A2FF}</UniqueIdentifier>
      <Extensions>cpp;c;cc;cxx;c++;cppm;ixx;def;odl;idl;hpj;bat;asm;asmx</Extensions>
    </Filter>
    <Filter Include="Header Files">
      <UniqueIdentifier>{93995380-89BD-4b04-88EB-625FBE52EBFB}</UniqueIdentifier>
      <Extensions>h;hh;hpp;hxx;h++;hm;inl;inc;ipp;xsd</Extensions>
    </Filter>
    <Filter Include="Resource Files">
      <UniqueIdentifier>{67DA6AB6-F800-4c08-8B7A-83BB121AAD01}</UniqueIdentifier>
      <Extensions>rc;ico;cur;bmp;dlg;rc2;rct;bin;rgs;gif;jpg;jpeg;jpe;resx;tiff;tif;png;wav;mfcribbon-ms</Extensions>
    </Filter>
  </ItemGroup>
  <ItemGroup>
    <ClCompile Include="Src\Game.cpp">
      <Filter>Source Files</Filter>
    </ClCompile>
    <ClCompile Include="Src\pch_game.cpp">
      <Filter>Source Files</Filter>
    </ClCompile>
    <ClCompile Include="Src\Engine\Engine.cpp">
      <Filter>Source Files</Filter>
    </ClCompile>
    <ClCompile Include="Src\Interpreters\TextInterpreter.cpp">
      <Filter>Source Files</Filter>
    </ClCompile>
    <ClCompile Include="Src\Engine\TextureStreamer.cpp">
      <Filter>Source Files</Filter>
    </ClCompile>
    <ClCompile Include="Src\Interpreters\DynamicRenderInterpreter.cpp">
      <Filter>Source Files</Filter>
    </ClCompile>
    <ClCompile Include="Src\CardGame.cpp">
      <Filter>Source Files</Filter>
    </ClCompile>
    <ClCompile Include="Src\Utils\SubTextureUtils.cpp">
      <Filter>Source Files</Filter>
    </ClCompile>
    <ClCompile Include="Src\Utils\BoxCollision.cpp">
      <Filter>Source Files</Filter>
    </ClCompile>
    <ClCompile Include="Src\Levels\MainMenuLevel.cpp">
      <Filter>Source Files</Filter>
    </ClCompile>
    <ClCompile Include="Src\Levels\NewGameLevel.cpp">
      <Filter>Source Files</Filter>
    </ClCompile>
    <ClCompile Include="Src\Levels\MainLevel.cpp">
      <Filter>Source Files</Filter>
    </ClCompile>
    <ClCompile Include="Src\States\GameState.cpp">
      <Filter>Source Files</Filter>
    </ClCompile>
    <ClCompile Include="Src\Interpreters\PixelPerfectRenderInterpreter.cpp">
      <Filter>Source Files</Filter>
    </ClCompile>
    <ClCompile Include="Src\Tasks\PixelPerfectRenderTask.cpp">
      <Filter>Source Files</Filter>
    </ClCompile>
    <ClCompile Include="Src\Levels\Level.cpp">
      <Filter>Source Files</Filter>
    </ClCompile>
    <ClCompile Include="Src\Levels\LevelUtils.cpp">
      <Filter>Source Files</Filter>
    </ClCompile>
    <ClCompile Include="Src\States\CombatState.cpp">
      <Filter>Source Files</Filter>
    </ClCompile>
    <ClCompile Include="Src\Levels\GameOverLevel.cpp">
      <Filter>Source Files</Filter>
    </ClCompile>
    <ClCompile Include="Src\miniaudio.cpp">
      <Filter>Source Files</Filter>
    </ClCompile>
  </ItemGroup>
  <ItemGroup>
    <ClInclude Include="Include\Utils\Shuffle.h">
      <Filter>Header Files</Filter>
    </ClInclude>
    <ClInclude Include="Include\pch_game.h">
      <Filter>Header Files</Filter>
    </ClInclude>
    <ClInclude Include="Include\Engine\Engine.h">
      <Filter>Header Files</Filter>
    </ClInclude>
    <ClInclude Include="Include\Engine\TaskSystem.h">
      <Filter>Header Files</Filter>
    </ClInclude>
    <ClInclude Include="Include\Tasks\RenderTask.h">
      <Filter>Header Files</Filter>
    </ClInclude>
    <ClInclude Include="Include\Interpreters\InstancedRenderInterpreter.h">
      <Filter>Header Files</Filter>
    </ClInclude>
    <ClInclude Include="Include\Tasks\TextTask.h">
      <Filter>Header Files</Filter>
    </ClInclude>
    <ClInclude Include="Include\Interpreters\TextInterpreter.h">
      <Filter>Header Files</Filter>
    </ClInclude>
    <ClInclude Include="Include\Engine\TextureStreamer.h">
      <Filter>Header Files</Filter>
    </ClInclude>
    <ClInclude Include="Include\Interpreters\DynamicRenderInterpreter.h">
      <Filter>Header Files</Filter>
    </ClInclude>
    <ClInclude Include="Include\CardGame.h">
      <Filter>Header Files</Filter>
    </ClInclude>
    <ClInclude Include="Include\Tasks\DynamicRenderTask.h">
      <Filter>Header Files</Filter>
    </ClInclude>
    <ClInclude Include="Include\States\GameState.h">
      <Filter>Header Files</Filter>
    </ClInclude>
    <ClInclude Include="Include\States\BoardState.h">
      <Filter>Header Files</Filter>
    </ClInclude>
    <ClInclude Include="Include\Macros.h">
      <Filter>Header Files</Filter>
    </ClInclude>
    <ClInclude Include="Include\Cards\MonsterCard.h">
      <Filter>Header Files</Filter>
    </ClInclude>
    <ClInclude Include="Include\Cards\ArtifactCard.h">
      <Filter>Header Files</Filter>
    </ClInclude>
    <ClInclude Include="Include\Cards\CurseCard.h">
      <Filter>Header Files</Filter>
    </ClInclude>
    <ClInclude Include="Include\Cards\RoomCard.h">
      <Filter>Header Files</Filter>
    </ClInclude>
    <ClInclude Include="Include\Cards\SpellCard.h">
      <Filter>Header Files</Filter>
    </ClInclude>
    <ClInclude Include="Include\Utils\SubTextureUtils.h">
      <Filter>Header Files</Filter>
    </ClInclude>
    <ClInclude Include="Include\Utils\BoxCollision.h">
      <Filter>Header Files</Filter>
    </ClInclude>
    <ClInclude Include="Include\States\InputState.h">
      <Filter>Header Files</Filter>
    </ClInclude>
    <ClInclude Include="Include\Cards\Card.h">
      <Filter>Header Files</Filter>
    </ClInclude>
    <ClInclude Include="Include\Levels\Level.h">
      <Filter>Header Files</Filter>
    </ClInclude>
    <ClInclude Include="Include\Levels\MainMenuLevel.h">
      <Filter>Header Files</Filter>
    </ClInclude>
    <ClInclude Include="Include\Levels\NewGameLevel.h">
      <Filter>Header Files</Filter>
    </ClInclude>
    <ClInclude Include="Include\Levels\MainLevel.h">
      <Filter>Header Files</Filter>
    </ClInclude>
    <ClInclude Include="Include\Cards\EventCard.h">
      <Filter>Header Files</Filter>
    </ClInclude>
    <ClInclude Include="Include\LevelStates\LevelStateMachine.h">
      <Filter>Header Files</Filter>
    </ClInclude>
    <ClInclude Include="Include\Interpreters\PriorityInterpreter.h">
      <Filter>Header Files</Filter>
    </ClInclude>
    <ClInclude Include="Include\Interpreters\PixelPerfectRenderInterpreter.h">
      <Filter>Header Files</Filter>
    </ClInclude>
    <ClInclude Include="Include\Tasks\PixelPerfectRenderTask.h">
      <Filter>Header Files</Filter>
    </ClInclude>
    <ClInclude Include="Include\Levels\LevelUtils.h">
      <Filter>Header Files</Filter>
    </ClInclude>
    <ClInclude Include="Include\States\CombatState.h">
      <Filter>Header Files</Filter>
    </ClInclude>
    <ClInclude Include="Include\Levels\GameOverLevel.h">
      <Filter>Header Files</Filter>
    </ClInclude>
    <ClInclude Include="Include\Tasks\LightTask.h">
      <Filter>Header Files</Filter>
    </ClInclude>
    <ClInclude Include="Include\miniaudio.h">
      <Filter>Header Files</Filter>
    </ClInclude>
  </ItemGroup>
</Project>